
Microsoft Visual Studio Solution File, Format Version 12.00
# Visual Studio Version 16
VisualStudioVersion = 16.0.29324.140
MinimumVisualStudioVersion = 15.0.26124.0
Project("{2150E333-8FDC-42A3-9474-1A3956D46DE8}") = "src", "src", "{624FD2F9-1040-48A2-9BB0-1A99CA3737A7}"
EndProject
Project("{FAE04EC0-301F-11D3-BF4B-00C04F79EFBC}") = "Pumpkin.Beer.Taste", "src\Pumpkin.Beer.Taste\Pumpkin.Beer.Taste.csproj", "{13675B8A-5166-4F5F-9AD1-29B160459621}"
EndProject
Global
	GlobalSection(SolutionConfigurationPlatforms) = preSolution
		Debug|Any CPU = Debug|Any CPU
		Release|Any CPU = Release|Any CPU
	EndGlobalSection
	GlobalSection(ProjectConfigurationPlatforms) = postSolution
		{13675B8A-5166-4F5F-9AD1-29B160459621}.Debug|Any CPU.ActiveCfg = Debug|Any CPU
		{13675B8A-5166-4F5F-9AD1-29B160459621}.Debug|Any CPU.Build.0 = Debug|Any CPU
		{13675B8A-5166-4F5F-9AD1-29B160459621}.Release|Any CPU.ActiveCfg = Release|Any CPU
		{13675B8A-5166-4F5F-9AD1-29B160459621}.Release|Any CPU.Build.0 = Release|Any CPU
	EndGlobalSection
	GlobalSection(SolutionProperties) = preSolution
		HideSolutionNode = FALSE
	EndGlobalSection
	GlobalSection(NestedProjects) = preSolution
		{13675B8A-5166-4F5F-9AD1-29B160459621} = {624FD2F9-1040-48A2-9BB0-1A99CA3737A7}
	EndGlobalSection
	GlobalSection(ExtensibilityGlobals) = postSolution
		SolutionGuid = {E85FE5F6-098B-422F-8268-DC8583D12C56}
	EndGlobalSection
EndGlobal
